// !$*UTF8*$!
{
	archiveVersion = 1;
	classes = {
	};
	objectVersion = 77;
	objects = {

/* Begin PBXBuildFile section */
		1F4478302E9353940027F51F /* AppIcon.icon in Resources */ = {isa = PBXBuildFile; fileRef = 1F44782F2E9353940027F51F /* AppIcon.icon */; };
		1F44786C2E9361B40027F51F /* Adhan in Frameworks */ = {isa = PBXBuildFile; productRef = 1F00DEA62E92963B00E5B81E /* Adhan */; };
		1F4F6F5D2E97198D001CE271 /* WidgetKit.framework in Frameworks */ = {isa = PBXBuildFile; fileRef = 1F4F6F5C2E97198D001CE271 /* WidgetKit.framework */; };
		1F4F6F5F2E97198D001CE271 /* SwiftUI.framework in Frameworks */ = {isa = PBXBuildFile; fileRef = 1F4F6F5E2E97198D001CE271 /* SwiftUI.framework */; };
		1F4F6F6C2E97198F001CE271 /* AthanSimpleWidgetExtension.appex in Embed Foundation Extensions */ = {isa = PBXBuildFile; fileRef = 1F4F6F5A2E97198D001CE271 /* AthanSimpleWidgetExtension.appex */; platformFilter = ios; settings = {ATTRIBUTES = (RemoveHeadersOnCopy, ); }; };
		1F4F6F722E97198F001CE271 /* Adhan in Frameworks */ = {isa = PBXBuildFile; productRef = 1F00DEA62E92963B00E5B81E /* Adhan */; };
/* End PBXBuildFile section */

/* Begin PBXContainerItemProxy section */
		1F00DE8A2E92963B00E5B81E /* PBXContainerItemProxy */ = {
			isa = PBXContainerItemProxy;
			containerPortal = 1F00DE742E92963A00E5B81E /* Project object */;
			proxyType = 1;
			remoteGlobalIDString = 1F00DE7B2E92963A00E5B81E;
			remoteInfo = AthanSimple;
		};
		1F00DE942E92963B00E5B81E /* PBXContainerItemProxy */ = {
			isa = PBXContainerItemProxy;
			containerPortal = 1F00DE742E92963A00E5B81E /* Project object */;
			proxyType = 1;
			remoteGlobalIDString = 1F00DE7B2E92963A00E5B81E;
			remoteInfo = AthanSimple;
		};
		1F4F6F6A2E97198F001CE271 /* PBXContainerItemProxy */ = {
			isa = PBXContainerItemProxy;
			containerPortal = 1F00DE742E92963A00E5B81E /* Project object */;
			proxyType = 1;
			remoteGlobalIDString = 1F4F6F592E97198D001CE271;
			remoteInfo = AthanSimpleWidgetExtension;
		};
/* End PBXContainerItemProxy section */

/* Begin PBXCopyFilesBuildPhase section */
		1F4F6F712E97198F001CE271 /* Embed Foundation Extensions */ = {
			isa = PBXCopyFilesBuildPhase;
			buildActionMask = 2147483647;
			dstPath = "";
			dstSubfolderSpec = 13;
			files = (
				1F4F6F6C2E97198F001CE271 /* AthanSimpleWidgetExtension.appex in Embed Foundation Extensions */,
			);
			name = "Embed Foundation Extensions";
			runOnlyForDeploymentPostprocessing = 0;
		};
/* End PBXCopyFilesBuildPhase section */

/* Begin PBXFileReference section */
		1F00DE7C2E92963A00E5B81E /* AthanSimple.app */ = {isa = PBXFileReference; explicitFileType = wrapper.application; includeInIndex = 0; path = AthanSimple.app; sourceTree = BUILT_PRODUCTS_DIR; };
		1F00DE892E92963B00E5B81E /* AthanSimpleTests.xctest */ = {isa = PBXFileReference; explicitFileType = wrapper.cfbundle; includeInIndex = 0; path = AthanSimpleTests.xctest; sourceTree = BUILT_PRODUCTS_DIR; };
		1F00DE932E92963B00E5B81E /* AthanSimpleUITests.xctest */ = {isa = PBXFileReference; explicitFileType = wrapper.cfbundle; includeInIndex = 0; path = AthanSimpleUITests.xctest; sourceTree = BUILT_PRODUCTS_DIR; };
		1F44782F2E9353940027F51F /* AppIcon.icon */ = {isa = PBXFileReference; lastKnownFileType = folder.iconcomposer.icon; path = AppIcon.icon; sourceTree = "<group>"; };
		1F4F6F5A2E97198D001CE271 /* AthanSimpleWidgetExtension.appex */ = {isa = PBXFileReference; explicitFileType = "wrapper.app-extension"; includeInIndex = 0; path = AthanSimpleWidgetExtension.appex; sourceTree = BUILT_PRODUCTS_DIR; };
		1F4F6F5C2E97198D001CE271 /* WidgetKit.framework */ = {isa = PBXFileReference; lastKnownFileType = wrapper.framework; name = WidgetKit.framework; path = System/Library/Frameworks/WidgetKit.framework; sourceTree = SDKROOT; };
		1F4F6F5E2E97198D001CE271 /* SwiftUI.framework */ = {isa = PBXFileReference; lastKnownFileType = wrapper.framework; name = SwiftUI.framework; path = System/Library/Frameworks/SwiftUI.framework; sourceTree = SDKROOT; };
		1F4F6F732E97198F001CE271 /* AthanSimple.entitlements */ = {isa = PBXFileReference; lastKnownFileType = text.plist.entitlements; path = AthanSimple.entitlements; sourceTree = "<group>"; };
		1F4F6F742E97198F001CE271 /* AthanSimpleWidget.entitlements */ = {isa = PBXFileReference; lastKnownFileType = text.plist.entitlements; path = AthanSimpleWidget.entitlements; sourceTree = "<group>"; };
/* End PBXFileReference section */

/* Begin PBXFileSystemSynchronizedBuildFileExceptionSet section */
		1F4F6F6D2E97198F001CE271 /* Exceptions for "AthanSimpleWidget" folder in "AthanSimpleWidgetExtension" target */ = {
			isa = PBXFileSystemSynchronizedBuildFileExceptionSet;
			membershipExceptions = (
				Info.plist,
			);
			target = 1F4F6F592E97198D001CE271 /* AthanSimpleWidgetExtension */;
		};
/* End PBXFileSystemSynchronizedBuildFileExceptionSet section */

/* Begin PBXFileSystemSynchronizedRootGroup section */
		1F00DE7E2E92963A00E5B81E /* AthanSimple */ = {
			isa = PBXFileSystemSynchronizedRootGroup;
			path = AthanSimple;
			sourceTree = "<group>";
		};
		1F4F6F602E97198D001CE271 /* AthanSimpleWidget */ = {
			isa = PBXFileSystemSynchronizedRootGroup;
			exceptions = (
				1F4F6F6D2E97198F001CE271 /* Exceptions for "AthanSimpleWidget" folder in "AthanSimpleWidgetExtension" target */,
			);
			path = AthanSimpleWidget;
			sourceTree = "<group>";
		};
/* End PBXFileSystemSynchronizedRootGroup section */

/* Begin PBXFrameworksBuildPhase section */
		1F00DE792E92963A00E5B81E /* Frameworks */ = {
			isa = PBXFrameworksBuildPhase;
			buildActionMask = 2147483647;
			files = (
				1F44786C2E9361B40027F51F /* Adhan in Frameworks */,
			);
			runOnlyForDeploymentPostprocessing = 0;
		};
		1F00DE862E92963B00E5B81E /* Frameworks */ = {
			isa = PBXFrameworksBuildPhase;
			buildActionMask = 2147483647;
			files = (
			);
			runOnlyForDeploymentPostprocessing = 0;
		};
		1F00DE902E92963B00E5B81E /* Frameworks */ = {
			isa = PBXFrameworksBuildPhase;
			buildActionMask = 2147483647;
			files = (
			);
			runOnlyForDeploymentPostprocessing = 0;
		};
		1F4F6F572E97198D001CE271 /* Frameworks */ = {
			isa = PBXFrameworksBuildPhase;
			buildActionMask = 2147483647;
			files = (
				1F4F6F5F2E97198D001CE271 /* SwiftUI.framework in Frameworks */,
				1F4F6F5D2E97198D001CE271 /* WidgetKit.framework in Frameworks */,
				1F4F6F722E97198F001CE271 /* Adhan in Frameworks */,
			);
			runOnlyForDeploymentPostprocessing = 0;
		};
/* End PBXFrameworksBuildPhase section */

/* Begin PBXGroup section */
		1F00DE732E92963A00E5B81E = {
			isa = PBXGroup;
			children = (
				1F00DE7E2E92963A00E5B81E /* AthanSimple */,
				1F4F6F602E97198D001CE271 /* AthanSimpleWidget */,
				1F4F6F5B2E97198D001CE271 /* Frameworks */,
				1F00DE7D2E92963A00E5B81E /* Products */,
				1F44782F2E9353940027F51F /* AppIcon.icon */,
				1F4F6F732E97198F001CE271 /* AthanSimple.entitlements */,
				1F4F6F742E97198F001CE271 /* AthanSimpleWidget.entitlements */,
			);
			sourceTree = "<group>";
		};
		1F00DE7D2E92963A00E5B81E /* Products */ = {
			isa = PBXGroup;
			children = (
				1F00DE7C2E92963A00E5B81E /* AthanSimple.app */,
				1F00DE892E92963B00E5B81E /* AthanSimpleTests.xctest */,
				1F00DE932E92963B00E5B81E /* AthanSimpleUITests.xctest */,
				1F4F6F5A2E97198D001CE271 /* AthanSimpleWidgetExtension.appex */,
			);
			name = Products;
			sourceTree = "<group>";
		};
		1F4F6F5B2E97198D001CE271 /* Frameworks */ = {
			isa = PBXGroup;
			children = (
				1F4F6F5C2E97198D001CE271 /* WidgetKit.framework */,
				1F4F6F5E2E97198D001CE271 /* SwiftUI.framework */,
			);
			name = Frameworks;
			sourceTree = "<group>";
		};
/* End PBXGroup section */

/* Begin PBXNativeTarget section */
		1F00DE7B2E92963A00E5B81E /* AthanSimple */ = {
			isa = PBXNativeTarget;
			buildConfigurationList = 1F00DE9D2E92963B00E5B81E /* Build configuration list for PBXNativeTarget "AthanSimple" */;
			buildPhases = (
				1F00DE782E92963A00E5B81E /* Sources */,
				1F00DE792E92963A00E5B81E /* Frameworks */,
				1F00DE7A2E92963A00E5B81E /* Resources */,
				1F4F6F712E97198F001CE271 /* Embed Foundation Extensions */,
			);
			buildRules = (
			);
			dependencies = (
				1F4F6F6B2E97198F001CE271 /* PBXTargetDependency */,
			);
			fileSystemSynchronizedGroups = (
				1F00DE7E2E92963A00E5B81E /* AthanSimple */,
			);
			name = AthanSimple;
			packageProductDependencies = (
				1F00DEA62E92963B00E5B81E /* Adhan */,
			);
			productName = AthanSimple;
			productReference = 1F00DE7C2E92963A00E5B81E /* AthanSimple.app */;
			productType = "com.apple.product-type.application";
		};
		1F00DE882E92963B00E5B81E /* AthanSimpleTests */ = {
			isa = PBXNativeTarget;
			buildConfigurationList = 1F00DEA02E92963B00E5B81E /* Build configuration list for PBXNativeTarget "AthanSimpleTests" */;
			buildPhases = (
				1F00DE852E92963B00E5B81E /* Sources */,
				1F00DE862E92963B00E5B81E /* Frameworks */,
				1F00DE872E92963B00E5B81E /* Resources */,
			);
			buildRules = (
			);
			dependencies = (
				1F00DE8B2E92963B00E5B81E /* PBXTargetDependency */,
			);
			name = AthanSimpleTests;
			packageProductDependencies = (
			);
			productName = AthanSimpleTests;
			productReference = 1F00DE892E92963B00E5B81E /* AthanSimpleTests.xctest */;
			productType = "com.apple.product-type.bundle.unit-test";
		};
		1F00DE922E92963B00E5B81E /* AthanSimpleUITests */ = {
			isa = PBXNativeTarget;
			buildConfigurationList = 1F00DEA32E92963B00E5B81E /* Build configuration list for PBXNativeTarget "AthanSimpleUITests" */;
			buildPhases = (
				1F00DE8F2E92963B00E5B81E /* Sources */,
				1F00DE902E92963B00E5B81E /* Frameworks */,
				1F00DE912E92963B00E5B81E /* Resources */,
			);
			buildRules = (
			);
			dependencies = (
				1F00DE952E92963B00E5B81E /* PBXTargetDependency */,
			);
			name = AthanSimpleUITests;
			packageProductDependencies = (
			);
			productName = AthanSimpleUITests;
			productReference = 1F00DE932E92963B00E5B81E /* AthanSimpleUITests.xctest */;
			productType = "com.apple.product-type.bundle.ui-testing";
		};
		1F4F6F592E97198D001CE271 /* AthanSimpleWidgetExtension */ = {
			isa = PBXNativeTarget;
			buildConfigurationList = 1F4F6F6E2E97198F001CE271 /* Build configuration list for PBXNativeTarget "AthanSimpleWidgetExtension" */;
			buildPhases = (
				1F4F6F562E97198D001CE271 /* Sources */,
				1F4F6F572E97198D001CE271 /* Frameworks */,
				1F4F6F582E97198D001CE271 /* Resources */,
			);
			buildRules = (
			);
			dependencies = (
			);
			fileSystemSynchronizedGroups = (
				1F4F6F602E97198D001CE271 /* AthanSimpleWidget */,
			);
			name = AthanSimpleWidgetExtension;
			packageProductDependencies = (
				1F00DEA62E92963B00E5B81E /* Adhan */,
			);
			productName = AthanSimpleWidgetExtension;
			productReference = 1F4F6F5A2E97198D001CE271 /* AthanSimpleWidgetExtension.appex */;
			productType = "com.apple.product-type.app-extension";
		};
/* End PBXNativeTarget section */

/* Begin PBXProject section */
		1F00DE742E92963A00E5B81E /* Project object */ = {
			isa = PBXProject;
			attributes = {
				BuildIndependentTargetsInParallel = 1;
				LastSwiftUpdateCheck = 2600;
				LastUpgradeCheck = 2600;
				TargetAttributes = {
					1F00DE7B2E92963A00E5B81E = {
						CreatedOnToolsVersion = 26.0.1;
					};
					1F00DE882E92963B00E5B81E = {
						CreatedOnToolsVersion = 26.0.1;
						TestTargetID = 1F00DE7B2E92963A00E5B81E;
					};
					1F00DE922E92963B00E5B81E = {
						CreatedOnToolsVersion = 26.0.1;
						TestTargetID = 1F00DE7B2E92963A00E5B81E;
					};
					1F4F6F592E97198D001CE271 = {
						CreatedOnToolsVersion = 26.0.1;
					};
				};
			};
			buildConfigurationList = 1F00DE772E92963A00E5B81E /* Build configuration list for PBXProject "AthanSimple" */;
			developmentRegion = en;
			hasScannedForEncodings = 0;
			knownRegions = (
				en,
				Base,
			);
			mainGroup = 1F00DE732E92963A00E5B81E;
			minimizedProjectReferenceProxies = 1;
			packageReferences = (
				1F00DEA72E92963B00E5B81E /* XCRemoteSwiftPackageReference "adhan-swift" */,
			);
			preferredProjectObjectVersion = 77;
			productRefGroup = 1F00DE7D2E92963A00E5B81E /* Products */;
			projectDirPath = "";
			projectRoot = "";
			targets = (
				1F00DE7B2E92963A00E5B81E /* AthanSimple */,
				1F00DE882E92963B00E5B81E /* AthanSimpleTests */,
				1F00DE922E92963B00E5B81E /* AthanSimpleUITests */,
				1F4F6F592E97198D001CE271 /* AthanSimpleWidgetExtension */,
			);
		};
/* End PBXProject section */

/* Begin PBXResourcesBuildPhase section */
		1F00DE7A2E92963A00E5B81E /* Resources */ = {
			isa = PBXResourcesBuildPhase;
			buildActionMask = 2147483647;
			files = (
				1F4478302E9353940027F51F /* AppIcon.icon in Resources */,
			);
			runOnlyForDeploymentPostprocessing = 0;
		};
		1F00DE872E92963B00E5B81E /* Resources */ = {
			isa = PBXResourcesBuildPhase;
			buildActionMask = 2147483647;
			files = (
			);
			runOnlyForDeploymentPostprocessing = 0;
		};
		1F00DE912E92963B00E5B81E /* Resources */ = {
			isa = PBXResourcesBuildPhase;
			buildActionMask = 2147483647;
			files = (
			);
			runOnlyForDeploymentPostprocessing = 0;
		};
		1F4F6F582E97198D001CE271 /* Resources */ = {
			isa = PBXResourcesBuildPhase;
			buildActionMask = 2147483647;
			files = (
			);
			runOnlyForDeploymentPostprocessing = 0;
		};
/* End PBXResourcesBuildPhase section */

/* Begin PBXSourcesBuildPhase section */
		1F00DE782E92963A00E5B81E /* Sources */ = {
			isa = PBXSourcesBuildPhase;
			buildActionMask = 2147483647;
			files = (
			);
			runOnlyForDeploymentPostprocessing = 0;
		};
		1F00DE852E92963B00E5B81E /* Sources */ = {
			isa = PBXSourcesBuildPhase;
			buildActionMask = 2147483647;
			files = (
			);
			runOnlyForDeploymentPostprocessing = 0;
		};
		1F00DE8F2E92963B00E5B81E /* Sources */ = {
			isa = PBXSourcesBuildPhase;
			buildActionMask = 2147483647;
			files = (
			);
			runOnlyForDeploymentPostprocessing = 0;
		};
		1F4F6F562E97198D001CE271 /* Sources */ = {
			isa = PBXSourcesBuildPhase;
			buildActionMask = 2147483647;
			files = (
			);
			runOnlyForDeploymentPostprocessing = 0;
		};
/* End PBXSourcesBuildPhase section */

/* Begin PBXTargetDependency section */
		1F00DE8B2E92963B00E5B81E /* PBXTargetDependency */ = {
			isa = PBXTargetDependency;
			target = 1F00DE7B2E92963A00E5B81E /* AthanSimple */;
			targetProxy = 1F00DE8A2E92963B00E5B81E /* PBXContainerItemProxy */;
		};
		1F00DE952E92963B00E5B81E /* PBXTargetDependency */ = {
			isa = PBXTargetDependency;
			target = 1F00DE7B2E92963A00E5B81E /* AthanSimple */;
			targetProxy = 1F00DE942E92963B00E5B81E /* PBXContainerItemProxy */;
		};
		1F4F6F6B2E97198F001CE271 /* PBXTargetDependency */ = {
			isa = PBXTargetDependency;
			platformFilter = ios;
			target = 1F4F6F592E97198D001CE271 /* AthanSimpleWidgetExtension */;
			targetProxy = 1F4F6F6A2E97198F001CE271 /* PBXContainerItemProxy */;
		};
/* End PBXTargetDependency section */

/* Begin XCBuildConfiguration section */
		1F00DE9B2E92963B00E5B81E /* Debug */ = {
			isa = XCBuildConfiguration;
			buildSettings = {
				ALWAYS_SEARCH_USER_PATHS = NO;
				ASSETCATALOG_COMPILER_GENERATE_SWIFT_ASSET_SYMBOL_EXTENSIONS = YES;
				CLANG_ANALYZER_NONNULL = YES;
				CLANG_ANALYZER_NUMBER_OBJECT_CONVERSION = YES_AGGRESSIVE;
				CLANG_CXX_LANGUAGE_STANDARD = "gnu++20";
				CLANG_ENABLE_MODULES = YES;
				CLANG_ENABLE_OBJC_ARC = YES;
				CLANG_ENABLE_OBJC_WEAK = YES;
				CLANG_WARN_BLOCK_CAPTURE_AUTORELEASING = YES;
				CLANG_WARN_BOOL_CONVERSION = YES;
				CLANG_WARN_COMMA = YES;
				CLANG_WARN_CONSTANT_CONVERSION = YES;
				CLANG_WARN_DEPRECATED_OBJC_IMPLEMENTATIONS = YES;
				CLANG_WARN_DIRECT_OBJC_ISA_USAGE = YES_ERROR;
				CLANG_WARN_DOCUMENTATION_COMMENTS = YES;
				CLANG_WARN_EMPTY_BODY = YES;
				CLANG_WARN_ENUM_CONVERSION = YES;
				CLANG_WARN_INFINITE_RECURSION = YES;
				CLANG_WARN_INT_CONVERSION = YES;
				CLANG_WARN_NON_LITERAL_NULL_CONVERSION = YES;
				CLANG_WARN_OBJC_IMPLICIT_RETAIN_SELF = YES;
				CLANG_WARN_OBJC_LITERAL_CONVERSION = YES;
				CLANG_WARN_OBJC_ROOT_CLASS = YES_ERROR;
				CLANG_WARN_QUOTED_INCLUDE_IN_FRAMEWORK_HEADER = YES;
				CLANG_WARN_RANGE_LOOP_ANALYSIS = YES;
				CLANG_WARN_STRICT_PROTOTYPES = YES;
				CLANG_WARN_SUSPICIOUS_MOVE = YES;
				CLANG_WARN_UNGUARDED_AVAILABILITY = YES_AGGRESSIVE;
				CLANG_WARN_UNREACHABLE_CODE = YES;
				CLANG_WARN__DUPLICATE_METHOD_MATCH = YES;
				COPY_PHASE_STRIP = NO;
				DEBUG_INFORMATION_FORMAT = dwarf;
				DEVELOPMENT_TEAM = P24M4UX83S;
				ENABLE_STRICT_OBJC_MSGSEND = YES;
				ENABLE_TESTABILITY = YES;
				ENABLE_USER_SCRIPT_SANDBOXING = YES;
				GCC_C_LANGUAGE_STANDARD = gnu17;
				GCC_DYNAMIC_NO_PIC = NO;
				GCC_NO_COMMON_BLOCKS = YES;
				GCC_OPTIMIZATION_LEVEL = 0;
				GCC_PREPROCESSOR_DEFINITIONS = (
					"DEBUG=1",
					"$(inherited)",
				);
				GCC_WARN_64_TO_32_BIT_CONVERSION = YES;
				GCC_WARN_ABOUT_RETURN_TYPE = YES_ERROR;
				GCC_WARN_UNDECLARED_SELECTOR = YES;
				GCC_WARN_UNINITIALIZED_AUTOS = YES_AGGRESSIVE;
				GCC_WARN_UNUSED_FUNCTION = YES;
				GCC_WARN_UNUSED_VARIABLE = YES;
				LOCALIZATION_PREFERS_STRING_CATALOGS = YES;
				MTL_ENABLE_DEBUG_INFO = INCLUDE_SOURCE;
				MTL_FAST_MATH = YES;
				ONLY_ACTIVE_ARCH = YES;
				SWIFT_ACTIVE_COMPILATION_CONDITIONS = "DEBUG $(inherited)";
				SWIFT_OPTIMIZATION_LEVEL = "-Onone";
			};
			name = Debug;
		};
		1F00DE9C2E92963B00E5B81E /* Release */ = {
			isa = XCBuildConfiguration;
			buildSettings = {
				ALWAYS_SEARCH_USER_PATHS = NO;
				ASSETCATALOG_COMPILER_GENERATE_SWIFT_ASSET_SYMBOL_EXTENSIONS = YES;
				CLANG_ANALYZER_NONNULL = YES;
				CLANG_ANALYZER_NUMBER_OBJECT_CONVERSION = YES_AGGRESSIVE;
				CLANG_CXX_LANGUAGE_STANDARD = "gnu++20";
				CLANG_ENABLE_MODULES = YES;
				CLANG_ENABLE_OBJC_ARC = YES;
				CLANG_ENABLE_OBJC_WEAK = YES;
				CLANG_WARN_BLOCK_CAPTURE_AUTORELEASING = YES;
				CLANG_WARN_BOOL_CONVERSION = YES;
				CLANG_WARN_COMMA = YES;
				CLANG_WARN_CONSTANT_CONVERSION = YES;
				CLANG_WARN_DEPRECATED_OBJC_IMPLEMENTATIONS = YES;
				CLANG_WARN_DIRECT_OBJC_ISA_USAGE = YES_ERROR;
				CLANG_WARN_DOCUMENTATION_COMMENTS = YES;
				CLANG_WARN_EMPTY_BODY = YES;
				CLANG_WARN_ENUM_CONVERSION = YES;
				CLANG_WARN_INFINITE_RECURSION = YES;
				CLANG_WARN_INT_CONVERSION = YES;
				CLANG_WARN_NON_LITERAL_NULL_CONVERSION = YES;
				CLANG_WARN_OBJC_IMPLICIT_RETAIN_SELF = YES;
				CLANG_WARN_OBJC_LITERAL_CONVERSION = YES;
				CLANG_WARN_OBJC_ROOT_CLASS = YES_ERROR;
				CLANG_WARN_QUOTED_INCLUDE_IN_FRAMEWORK_HEADER = YES;
				CLANG_WARN_RANGE_LOOP_ANALYSIS = YES;
				CLANG_WARN_STRICT_PROTOTYPES = YES;
				CLANG_WARN_SUSPICIOUS_MOVE = YES;
				CLANG_WARN_UNGUARDED_AVAILABILITY = YES_AGGRESSIVE;
				CLANG_WARN_UNREACHABLE_CODE = YES;
				CLANG_WARN__DUPLICATE_METHOD_MATCH = YES;
				COPY_PHASE_STRIP = NO;
				DEBUG_INFORMATION_FORMAT = "dwarf-with-dsym";
				DEVELOPMENT_TEAM = P24M4UX83S;
				ENABLE_NS_ASSERTIONS = NO;
				ENABLE_STRICT_OBJC_MSGSEND = YES;
				ENABLE_USER_SCRIPT_SANDBOXING = YES;
				GCC_C_LANGUAGE_STANDARD = gnu17;
				GCC_NO_COMMON_BLOCKS = YES;
				GCC_WARN_64_TO_32_BIT_CONVERSION = YES;
				GCC_WARN_ABOUT_RETURN_TYPE = YES_ERROR;
				GCC_WARN_UNDECLARED_SELECTOR = YES;
				GCC_WARN_UNINITIALIZED_AUTOS = YES_AGGRESSIVE;
				GCC_WARN_UNUSED_FUNCTION = YES;
				GCC_WARN_UNUSED_VARIABLE = YES;
				LOCALIZATION_PREFERS_STRING_CATALOGS = YES;
				MTL_ENABLE_DEBUG_INFO = NO;
				MTL_FAST_MATH = YES;
				SWIFT_COMPILATION_MODE = wholemodule;
			};
			name = Release;
		};
		1F00DE9E2E92963B00E5B81E /* Debug */ = {
			isa = XCBuildConfiguration;
			buildSettings = {
				ASSETCATALOG_COMPILER_APPICON_NAME = AppIcon;
				ASSETCATALOG_COMPILER_GLOBAL_ACCENT_COLOR_NAME = AccentColor;
				CODE_SIGN_ENTITLEMENTS = AthanSimple/AthanSimple.entitlements;
				CODE_SIGN_STYLE = Automatic;
				CURRENT_PROJECT_VERSION = 2;
				DEVELOPMENT_TEAM = P24M4UX83S;
				ENABLE_APP_SANDBOX = YES;
				ENABLE_HARDENED_RUNTIME = YES;
				ENABLE_PREVIEWS = YES;
				ENABLE_USER_SELECTED_FILES = readonly;
				GENERATE_INFOPLIST_FILE = YES;
				INFOPLIST_KEY_NSLocationAlwaysAndWhenInUseUsageDescription = "This app needs location access to calculate accurate prayer times for your current location.";
				INFOPLIST_KEY_NSLocationAlwaysUsageDescription = "This app needs location access to calculate accurate prayer times for your current location.";
				INFOPLIST_KEY_NSLocationWhenInUseUsageDescription = "This app needs location access to calculate accurate prayer times for your current location.";
				"INFOPLIST_KEY_UIApplicationSceneManifest_Generation[sdk=iphoneos*]" = YES;
				"INFOPLIST_KEY_UIApplicationSceneManifest_Generation[sdk=iphonesimulator*]" = YES;
				"INFOPLIST_KEY_UIApplicationSupportsIndirectInputEvents[sdk=iphoneos*]" = YES;
				"INFOPLIST_KEY_UIApplicationSupportsIndirectInputEvents[sdk=iphonesimulator*]" = YES;
				"INFOPLIST_KEY_UILaunchScreen_Generation[sdk=iphoneos*]" = YES;
				"INFOPLIST_KEY_UILaunchScreen_Generation[sdk=iphonesimulator*]" = YES;
				"INFOPLIST_KEY_UIStatusBarStyle[sdk=iphoneos*]" = UIStatusBarStyleDefault;
				"INFOPLIST_KEY_UIStatusBarStyle[sdk=iphonesimulator*]" = UIStatusBarStyleDefault;
				INFOPLIST_KEY_UISupportedInterfaceOrientations_iPad = "UIInterfaceOrientationPortrait UIInterfaceOrientationPortraitUpsideDown UIInterfaceOrientationLandscapeLeft UIInterfaceOrientationLandscapeRight";
				INFOPLIST_KEY_UISupportedInterfaceOrientations_iPhone = "UIInterfaceOrientationPortrait UIInterfaceOrientationLandscapeLeft UIInterfaceOrientationLandscapeRight";
				IPHONEOS_DEPLOYMENT_TARGET = 18.0;
				LD_RUNPATH_SEARCH_PATHS = "@executable_path/Frameworks";
				"LD_RUNPATH_SEARCH_PATHS[sdk=macosx*]" = "@executable_path/../Frameworks";
				MACOSX_DEPLOYMENT_TARGET = 14.0;
				MARKETING_VERSION = 1.0;
				PRODUCT_BUNDLE_IDENTIFIER = com.siddiqui.AthanSimple;
				PRODUCT_NAME = "$(TARGET_NAME)";
				REGISTER_APP_GROUPS = YES;
				SDKROOT = auto;
				STRING_CATALOG_GENERATE_SYMBOLS = YES;
				SUPPORTED_PLATFORMS = "iphoneos iphonesimulator macosx xros xrsimulator";
				SWIFT_APPROACHABLE_CONCURRENCY = YES;
				SWIFT_DEFAULT_ACTOR_ISOLATION = MainActor;
				SWIFT_EMIT_LOC_STRINGS = YES;
				SWIFT_UPCOMING_FEATURE_MEMBER_IMPORT_VISIBILITY = YES;
				SWIFT_VERSION = 5.0;
				TARGETED_DEVICE_FAMILY = "1,2,7";
				XROS_DEPLOYMENT_TARGET = 2.0;
			};
			name = Debug;
		};
		1F00DE9F2E92963B00E5B81E /* Release */ = {
			isa = XCBuildConfiguration;
			buildSettings = {
				ASSETCATALOG_COMPILER_APPICON_NAME = AppIcon;
				ASSETCATALOG_COMPILER_GLOBAL_ACCENT_COLOR_NAME = AccentColor;
				CODE_SIGN_ENTITLEMENTS = AthanSimple/AthanSimple.entitlements;
				CODE_SIGN_STYLE = Automatic;
				CURRENT_PROJECT_VERSION = 2;
				DEVELOPMENT_TEAM = P24M4UX83S;
				ENABLE_APP_SANDBOX = YES;
				ENABLE_HARDENED_RUNTIME = YES;
				ENABLE_PREVIEWS = YES;
				ENABLE_USER_SELECTED_FILES = readonly;
				GENERATE_INFOPLIST_FILE = YES;
				INFOPLIST_KEY_NSLocationAlwaysAndWhenInUseUsageDescription = "This app needs location access to calculate accurate prayer times for your current location.";
				INFOPLIST_KEY_NSLocationAlwaysUsageDescription = "This app needs location access to calculate accurate prayer times for your current location.";
				INFOPLIST_KEY_NSLocationWhenInUseUsageDescription = "This app needs location access to calculate accurate prayer times for your current location.";
				"INFOPLIST_KEY_UIApplicationSceneManifest_Generation[sdk=iphoneos*]" = YES;
				"INFOPLIST_KEY_UIApplicationSceneManifest_Generation[sdk=iphonesimulator*]" = YES;
				"INFOPLIST_KEY_UIApplicationSupportsIndirectInputEvents[sdk=iphoneos*]" = YES;
				"INFOPLIST_KEY_UIApplicationSupportsIndirectInputEvents[sdk=iphonesimulator*]" = YES;
				"INFOPLIST_KEY_UILaunchScreen_Generation[sdk=iphoneos*]" = YES;
				"INFOPLIST_KEY_UILaunchScreen_Generation[sdk=iphonesimulator*]" = YES;
				"INFOPLIST_KEY_UIStatusBarStyle[sdk=iphoneos*]" = UIStatusBarStyleDefault;
				"INFOPLIST_KEY_UIStatusBarStyle[sdk=iphonesimulator*]" = UIStatusBarStyleDefault;
				INFOPLIST_KEY_UISupportedInterfaceOrientations_iPad = "UIInterfaceOrientationPortrait UIInterfaceOrientationPortraitUpsideDown UIInterfaceOrientationLandscapeLeft UIInterfaceOrientationLandscapeRight";
				INFOPLIST_KEY_UISupportedInterfaceOrientations_iPhone = "UIInterfaceOrientationPortrait UIInterfaceOrientationLandscapeLeft UIInterfaceOrientationLandscapeRight";
				IPHONEOS_DEPLOYMENT_TARGET = 18.0;
				LD_RUNPATH_SEARCH_PATHS = "@executable_path/Frameworks";
				"LD_RUNPATH_SEARCH_PATHS[sdk=macosx*]" = "@executable_path/../Frameworks";
				MACOSX_DEPLOYMENT_TARGET = 14.0;
				MARKETING_VERSION = 1.0;
				PRODUCT_BUNDLE_IDENTIFIER = com.siddiqui.AthanSimple;
				PRODUCT_NAME = "$(TARGET_NAME)";
				REGISTER_APP_GROUPS = YES;
				SDKROOT = auto;
				STRING_CATALOG_GENERATE_SYMBOLS = YES;
				SUPPORTED_PLATFORMS = "iphoneos iphonesimulator macosx xros xrsimulator";
				SWIFT_APPROACHABLE_CONCURRENCY = YES;
				SWIFT_DEFAULT_ACTOR_ISOLATION = MainActor;
				SWIFT_EMIT_LOC_STRINGS = YES;
				SWIFT_UPCOMING_FEATURE_MEMBER_IMPORT_VISIBILITY = YES;
				SWIFT_VERSION = 5.0;
				TARGETED_DEVICE_FAMILY = "1,2,7";
				XROS_DEPLOYMENT_TARGET = 2.0;
			};
			name = Release;
		};
		1F00DEA12E92963B00E5B81E /* Debug */ = {
			isa = XCBuildConfiguration;
			buildSettings = {
				BUNDLE_LOADER = "$(TEST_HOST)";
				CODE_SIGN_STYLE = Automatic;
				CURRENT_PROJECT_VERSION = 1;
				DEVELOPMENT_TEAM = P24M4UX83S;
				GENERATE_INFOPLIST_FILE = YES;
				IPHONEOS_DEPLOYMENT_TARGET = 18.0;
				MACOSX_DEPLOYMENT_TARGET = 14.0;
				MARKETING_VERSION = 1.0;
				PRODUCT_BUNDLE_IDENTIFIER = com.siddiqui.AthanSimpleTests;
				PRODUCT_NAME = "$(TARGET_NAME)";
				SDKROOT = auto;
				STRING_CATALOG_GENERATE_SYMBOLS = NO;
				SUPPORTED_PLATFORMS = "iphoneos iphonesimulator macosx xros xrsimulator";
				SWIFT_APPROACHABLE_CONCURRENCY = YES;
				SWIFT_EMIT_LOC_STRINGS = NO;
				SWIFT_UPCOMING_FEATURE_MEMBER_IMPORT_VISIBILITY = YES;
				SWIFT_VERSION = 5.0;
				TARGETED_DEVICE_FAMILY = "1,2,7";
				TEST_HOST = "$(BUILT_PRODUCTS_DIR)/AthanSimple.app/$(BUNDLE_EXECUTABLE_FOLDER_PATH)/AthanSimple";
				XROS_DEPLOYMENT_TARGET = 2.0;
			};
			name = Debug;
		};
		1F00DEA22E92963B00E5B81E /* Release */ = {
			isa = XCBuildConfiguration;
			buildSettings = {
				BUNDLE_LOADER = "$(TEST_HOST)";
				CODE_SIGN_STYLE = Automatic;
				CURRENT_PROJECT_VERSION = 1;
				DEVELOPMENT_TEAM = P24M4UX83S;
				GENERATE_INFOPLIST_FILE = YES;
				IPHONEOS_DEPLOYMENT_TARGET = 18.0;
				MACOSX_DEPLOYMENT_TARGET = 14.0;
				MARKETING_VERSION = 1.0;
				PRODUCT_BUNDLE_IDENTIFIER = com.siddiqui.AthanSimpleTests;
				PRODUCT_NAME = "$(TARGET_NAME)";
				SDKROOT = auto;
				STRING_CATALOG_GENERATE_SYMBOLS = NO;
				SUPPORTED_PLATFORMS = "iphoneos iphonesimulator macosx xros xrsimulator";
				SWIFT_APPROACHABLE_CONCURRENCY = YES;
				SWIFT_EMIT_LOC_STRINGS = NO;
				SWIFT_UPCOMING_FEATURE_MEMBER_IMPORT_VISIBILITY = YES;
				SWIFT_VERSION = 5.0;
				TARGETED_DEVICE_FAMILY = "1,2,7";
				TEST_HOST = "$(BUILT_PRODUCTS_DIR)/AthanSimple.app/$(BUNDLE_EXECUTABLE_FOLDER_PATH)/AthanSimple";
				XROS_DEPLOYMENT_TARGET = 2.0;
			};
			name = Release;
		};
		1F00DEA42E92963B00E5B81E /* Debug */ = {
			isa = XCBuildConfiguration;
			buildSettings = {
				CODE_SIGN_STYLE = Automatic;
				CURRENT_PROJECT_VERSION = 1;
				DEVELOPMENT_TEAM = P24M4UX83S;
				GENERATE_INFOPLIST_FILE = YES;
				IPHONEOS_DEPLOYMENT_TARGET = 18.0;
				MACOSX_DEPLOYMENT_TARGET = 14.0;
				MARKETING_VERSION = 1.0;
				PRODUCT_BUNDLE_IDENTIFIER = com.siddiqui.AthanSimpleUITests;
				PRODUCT_NAME = "$(TARGET_NAME)";
				SDKROOT = auto;
				STRING_CATALOG_GENERATE_SYMBOLS = NO;
				SUPPORTED_PLATFORMS = "iphoneos iphonesimulator macosx xros xrsimulator";
				SWIFT_APPROACHABLE_CONCURRENCY = YES;
				SWIFT_EMIT_LOC_STRINGS = NO;
				SWIFT_UPCOMING_FEATURE_MEMBER_IMPORT_VISIBILITY = YES;
				SWIFT_VERSION = 5.0;
				TARGETED_DEVICE_FAMILY = "1,2,7";
				TEST_TARGET_NAME = AthanSimple;
				XROS_DEPLOYMENT_TARGET = 2.0;
			};
			name = Debug;
		};
		1F00DEA52E92963B00E5B81E /* Release */ = {
			isa = XCBuildConfiguration;
			buildSettings = {
				CODE_SIGN_STYLE = Automatic;
				CURRENT_PROJECT_VERSION = 1;
				DEVELOPMENT_TEAM = P24M4UX83S;
				GENERATE_INFOPLIST_FILE = YES;
				IPHONEOS_DEPLOYMENT_TARGET = 18.0;
				MACOSX_DEPLOYMENT_TARGET = 14.0;
				MARKETING_VERSION = 1.0;
				PRODUCT_BUNDLE_IDENTIFIER = com.siddiqui.AthanSimpleUITests;
				PRODUCT_NAME = "$(TARGET_NAME)";
				SDKROOT = auto;
				STRING_CATALOG_GENERATE_SYMBOLS = NO;
				SUPPORTED_PLATFORMS = "iphoneos iphonesimulator macosx xros xrsimulator";
				SWIFT_APPROACHABLE_CONCURRENCY = YES;
				SWIFT_EMIT_LOC_STRINGS = NO;
				SWIFT_UPCOMING_FEATURE_MEMBER_IMPORT_VISIBILITY = YES;
				SWIFT_VERSION = 5.0;
				TARGETED_DEVICE_FAMILY = "1,2,7";
				TEST_TARGET_NAME = AthanSimple;
				XROS_DEPLOYMENT_TARGET = 2.0;
			};
			name = Release;
		};
		1F4F6F6F2E97198F001CE271 /* Debug */ = {
			isa = XCBuildConfiguration;
			buildSettings = {
				ASSETCATALOG_COMPILER_GLOBAL_ACCENT_COLOR_NAME = AccentColor;
				ASSETCATALOG_COMPILER_WIDGET_BACKGROUND_COLOR_NAME = WidgetBackground;
				CODE_SIGN_ENTITLEMENTS = AthanSimpleWidget/AthanSimpleWidget.entitlements;
				CODE_SIGN_STYLE = Automatic;
				CURRENT_PROJECT_VERSION = 1;
				DEVELOPMENT_TEAM = P24M4UX83S;
				GENERATE_INFOPLIST_FILE = YES;
				INFOPLIST_FILE = AthanSimpleWidget/Info.plist;
				INFOPLIST_KEY_CFBundleDisplayName = AthanSimpleWidget;
				INFOPLIST_KEY_NSHumanReadableCopyright = "";
				IPHONEOS_DEPLOYMENT_TARGET = 18.0;
				LD_RUNPATH_SEARCH_PATHS = (
					"$(inherited)",
					"@executable_path/Frameworks",
					"@executable_path/../../Frameworks",
				);
				MARKETING_VERSION = 1.0;
				PRODUCT_BUNDLE_IDENTIFIER = com.siddiqui.AthanSimple.AthanSimpleWidget;
				PRODUCT_NAME = "$(TARGET_NAME)";
				SDKROOT = iphoneos;
				SKIP_INSTALL = YES;
				STRING_CATALOG_GENERATE_SYMBOLS = YES;
				SUPPORTED_PLATFORMS = "iphoneos iphonesimulator";
				SWIFT_APPROACHABLE_CONCURRENCY = YES;
				SWIFT_EMIT_LOC_STRINGS = YES;
				SWIFT_UPCOMING_FEATURE_MEMBER_IMPORT_VISIBILITY = YES;
				SWIFT_VERSION = 5.0;
				TARGETED_DEVICE_FAMILY = "1,2";
				XROS_DEPLOYMENT_TARGET = 2.0;
			};
			name = Debug;
		};
		1F4F6F702E97198F001CE271 /* Release */ = {
			isa = XCBuildConfiguration;
			buildSettings = {
				ASSETCATALOG_COMPILER_GLOBAL_ACCENT_COLOR_NAME = AccentColor;
				ASSETCATALOG_COMPILER_WIDGET_BACKGROUND_COLOR_NAME = WidgetBackground;
				CODE_SIGN_ENTITLEMENTS = AthanSimpleWidget/AthanSimpleWidget.entitlements;
				CODE_SIGN_STYLE = Automatic;
				CURRENT_PROJECT_VERSION = 1;
				DEVELOPMENT_TEAM = P24M4UX83S;
				GENERATE_INFOPLIST_FILE = YES;
				INFOPLIST_FILE = AthanSimpleWidget/Info.plist;
				INFOPLIST_KEY_CFBundleDisplayName = AthanSimpleWidget;
				INFOPLIST_KEY_NSHumanReadableCopyright = "";
				IPHONEOS_DEPLOYMENT_TARGET = 18.0;
				LD_RUNPATH_SEARCH_PATHS = (
					"$(inherited)",
					"@executable_path/Frameworks",
					"@executable_path/../../Frameworks",
				);
				MARKETING_VERSION = 1.0;
				PRODUCT_BUNDLE_IDENTIFIER = com.siddiqui.AthanSimple.AthanSimpleWidget;
				PRODUCT_NAME = "$(TARGET_NAME)";
				SDKROOT = iphoneos;
				SKIP_INSTALL = YES;
				STRING_CATALOG_GENERATE_SYMBOLS = YES;
				SUPPORTED_PLATFORMS = "iphoneos iphonesimulator";
				SWIFT_APPROACHABLE_CONCURRENCY = YES;
				SWIFT_EMIT_LOC_STRINGS = YES;
				SWIFT_UPCOMING_FEATURE_MEMBER_IMPORT_VISIBILITY = YES;
				SWIFT_VERSION = 5.0;
				TARGETED_DEVICE_FAMILY = "1,2";
				VALIDATE_PRODUCT = YES;
				XROS_DEPLOYMENT_TARGET = 2.0;
			};
			name = Release;
		};
/* End XCBuildConfiguration section */

/* Begin XCConfigurationList section */
		1F00DE772E92963A00E5B81E /* Build configuration list for PBXProject "AthanSimple" */ = {
			isa = XCConfigurationList;
			buildConfigurations = (
				1F00DE9B2E92963B00E5B81E /* Debug */,
				1F00DE9C2E92963B00E5B81E /* Release */,
			);
			defaultConfigurationIsVisible = 0;
			defaultConfigurationName = Release;
		};
		1F00DE9D2E92963B00E5B81E /* Build configuration list for PBXNativeTarget "AthanSimple" */ = {
			isa = XCConfigurationList;
			buildConfigurations = (
				1F00DE9E2E92963B00E5B81E /* Debug */,
				1F00DE9F2E92963B00E5B81E /* Release */,
			);
			defaultConfigurationIsVisible = 0;
			defaultConfigurationName = Release;
		};
		1F00DEA02E92963B00E5B81E /* Build configuration list for PBXNativeTarget "AthanSimpleTests" */ = {
			isa = XCConfigurationList;
			buildConfigurations = (
				1F00DEA12E92963B00E5B81E /* Debug */,
				1F00DEA22E92963B00E5B81E /* Release */,
			);
			defaultConfigurationIsVisible = 0;
			defaultConfigurationName = Release;
		};
		1F00DEA32E92963B00E5B81E /* Build configuration list for PBXNativeTarget "AthanSimpleUITests" */ = {
			isa = XCConfigurationList;
			buildConfigurations = (
				1F00DEA42E92963B00E5B81E /* Debug */,
				1F00DEA52E92963B00E5B81E /* Release */,
			);
			defaultConfigurationIsVisible = 0;
			defaultConfigurationName = Release;
		};
		1F4F6F6E2E97198F001CE271 /* Build configuration list for PBXNativeTarget "AthanSimpleWidgetExtension" */ = {
			isa = XCConfigurationList;
			buildConfigurations = (
				1F4F6F6F2E97198F001CE271 /* Debug */,
				1F4F6F702E97198F001CE271 /* Release */,
			);
			defaultConfigurationIsVisible = 0;
			defaultConfigurationName = Release;
		};
/* End XCConfigurationList section */

/* Begin XCRemoteSwiftPackageReference section */
		1F00DEA72E92963B00E5B81E /* XCRemoteSwiftPackageReference "adhan-swift" */ = {
			isa = XCRemoteSwiftPackageReference;
			repositoryURL = "https://github.com/batoulapps/adhan-swift";
			requirement = {
				kind = upToNextMajorVersion;
				minimumVersion = 1.0.0;
			};
		};
/* End XCRemoteSwiftPackageReference section */

/* Begin XCSwiftPackageProductDependency section */
		1F00DEA62E92963B00E5B81E /* Adhan */ = {
			isa = XCSwiftPackageProductDependency;
			package = 1F00DEA72E92963B00E5B81E /* XCRemoteSwiftPackageReference "adhan-swift" */;
			productName = Adhan;
		};
/* End XCSwiftPackageProductDependency section */
	};
	rootObject = 1F00DE742E92963A00E5B81E /* Project object */;
}
